
Microsoft Visual Studio Solution File, Format Version 12.00
# Visual Studio Version 16
VisualStudioVersion = 16.0.31605.320
MinimumVisualStudioVersion = 10.0.40219.1
Project("{FAE04EC0-301F-11D3-BF4B-00C04F79EFBC}") = "PalindromeOrNot", "PalindromeOrNot\PalindromeOrNot.csproj", "{AA1093D2-64AC-4BE0-A53C-270CC6206A89}"
EndProject
Global
	GlobalSection(SolutionConfigurationPlatforms) = preSolution
		Debug|Any CPU = Debug|Any CPU
		Release|Any CPU = Release|Any CPU
	EndGlobalSection
	GlobalSection(ProjectConfigurationPlatforms) = postSolution
		{AA1093D2-64AC-4BE0-A53C-270CC6206A89}.Debug|Any CPU.ActiveCfg = Debug|Any CPU
		{AA1093D2-64AC-4BE0-A53C-270CC6206A89}.Debug|Any CPU.Build.0 = Debug|Any CPU
		{AA1093D2-64AC-4BE0-A53C-270CC6206A89}.Release|Any CPU.ActiveCfg = Release|Any CPU
		{AA1093D2-64AC-4BE0-A53C-270CC6206A89}.Release|Any CPU.Build.0 = Release|Any CPU
	EndGlobalSection
	GlobalSection(SolutionProperties) = preSolution
		HideSolutionNode = FALSE
	EndGlobalSection
	GlobalSection(ExtensibilityGlobals) = postSolution
		SolutionGuid = {42DBBD7F-B4B6-4D43-9CB4-BF3BD29E85E6}
	EndGlobalSection
EndGlobal
